
Microsoft Visual Studio Solution File, Format Version 12.00
# Visual Studio Version 17
VisualStudioVersion = 17.3.32929.385
MinimumVisualStudioVersion = 10.0.40219.1
Project("{9A19103F-16F7-4668-BE54-9A1E7A4F7556}") = "MoneyManager", "MoneyManager\MoneyManager.csproj", "{48522238-BAEA-4156-A8C4-D238129EB5E5}"
EndProject
Project("{9A19103F-16F7-4668-BE54-9A1E7A4F7556}") = "MoneyManager.Infrastructure", "MoneyManager.Infrastructure\MoneyManager.Infrastructure.csproj", "{F74FF3C1-948D-41D0-9E08-857FE2F003C6}"
EndProject
Project("{9A19103F-16F7-4668-BE54-9A1E7A4F7556}") = "MoneyManager.Core", "MoneyManager.Core\MoneyManager.Core.csproj", "{D694AD8A-83B5-41C4-8601-99487F13BA45}"
EndProject
Project("{2150E333-8FDC-42A3-9474-1A3956D46DE8}") = "Solution Items", "Solution Items", "{8759E4A5-2145-4B67-B3F0-59FC57B97425}"
	ProjectSection(SolutionItems) = preProject
		..\README.md = ..\README.md
	EndProjectSection
EndProject
Project("{FAE04EC0-301F-11D3-BF4B-00C04F79EFBC}") = "MoneyManager.UnitTests", "MoneyManager.UnitTests\MoneyManager.UnitTests.csproj", "{EA2A31DA-43C1-491B-A7EB-26500F08B324}"
EndProject
Global
	GlobalSection(SolutionConfigurationPlatforms) = preSolution
		Debug|Any CPU = Debug|Any CPU
		Release|Any CPU = Release|Any CPU
	EndGlobalSection
	GlobalSection(ProjectConfigurationPlatforms) = postSolution
		{48522238-BAEA-4156-A8C4-D238129EB5E5}.Debug|Any CPU.ActiveCfg = Debug|Any CPU
		{48522238-BAEA-4156-A8C4-D238129EB5E5}.Debug|Any CPU.Build.0 = Debug|Any CPU
		{48522238-BAEA-4156-A8C4-D238129EB5E5}.Release|Any CPU.ActiveCfg = Release|Any CPU
		{48522238-BAEA-4156-A8C4-D238129EB5E5}.Release|Any CPU.Build.0 = Release|Any CPU
		{F74FF3C1-948D-41D0-9E08-857FE2F003C6}.Debug|Any CPU.ActiveCfg = Debug|Any CPU
		{F74FF3C1-948D-41D0-9E08-857FE2F003C6}.Debug|Any CPU.Build.0 = Debug|Any CPU
		{F74FF3C1-948D-41D0-9E08-857FE2F003C6}.Release|Any CPU.ActiveCfg = Release|Any CPU
		{F74FF3C1-948D-41D0-9E08-857FE2F003C6}.Release|Any CPU.Build.0 = Release|Any CPU
		{D694AD8A-83B5-41C4-8601-99487F13BA45}.Debug|Any CPU.ActiveCfg = Debug|Any CPU
		{D694AD8A-83B5-41C4-8601-99487F13BA45}.Debug|Any CPU.Build.0 = Debug|Any CPU
		{D694AD8A-83B5-41C4-8601-99487F13BA45}.Release|Any CPU.ActiveCfg = Release|Any CPU
		{D694AD8A-83B5-41C4-8601-99487F13BA45}.Release|Any CPU.Build.0 = Release|Any CPU
		{EA2A31DA-43C1-491B-A7EB-26500F08B324}.Debug|Any CPU.ActiveCfg = Debug|Any CPU
		{EA2A31DA-43C1-491B-A7EB-26500F08B324}.Debug|Any CPU.Build.0 = Debug|Any CPU
		{EA2A31DA-43C1-491B-A7EB-26500F08B324}.Release|Any CPU.ActiveCfg = Release|Any CPU
		{EA2A31DA-43C1-491B-A7EB-26500F08B324}.Release|Any CPU.Build.0 = Release|Any CPU
	EndGlobalSection
	GlobalSection(SolutionProperties) = preSolution
		HideSolutionNode = FALSE
	EndGlobalSection
	GlobalSection(ExtensibilityGlobals) = postSolution
		SolutionGuid = {0A40257F-6BDC-4A0A-8611-CA4EA259B0E9}
	EndGlobalSection
EndGlobal
